
Microsoft Visual Studio Solution File, Format Version 12.00
# Visual Studio Version 17
VisualStudioVersion = 17.3.32901.215
MinimumVisualStudioVersion = 10.0.40219.1
Project("{FAE04EC0-301F-11D3-BF4B-00C04F79EFBC}") = "LINQ-sortiranje", "LINQ-sortiranje\LINQ-sortiranje.csproj", "{6AC803B1-5555-4F80-BF37-0088EFB4F797}"
EndProject
Global
	GlobalSection(SolutionConfigurationPlatforms) = preSolution
		Debug|Any CPU = Debug|Any CPU
		Release|Any CPU = Release|Any CPU
	EndGlobalSection
	GlobalSection(ProjectConfigurationPlatforms) = postSolution
		{6AC803B1-5555-4F80-BF37-0088EFB4F797}.Debug|Any CPU.ActiveCfg = Debug|Any CPU
		{6AC803B1-5555-4F80-BF37-0088EFB4F797}.Debug|Any CPU.Build.0 = Debug|Any CPU
		{6AC803B1-5555-4F80-BF37-0088EFB4F797}.Release|Any CPU.ActiveCfg = Release|Any CPU
		{6AC803B1-5555-4F80-BF37-0088EFB4F797}.Release|Any CPU.Build.0 = Release|Any CPU
	EndGlobalSection
	GlobalSection(SolutionProperties) = preSolution
		HideSolutionNode = FALSE
	EndGlobalSection
	GlobalSection(ExtensibilityGlobals) = postSolution
		SolutionGuid = {E0EA9E60-A950-45CC-9073-8408CC1C3DE6}
	EndGlobalSection
EndGlobal
